
Microsoft Visual Studio Solution File, Format Version 12.00
# Visual Studio Version 17
VisualStudioVersion = 17.9.34723.18
MinimumVisualStudioVersion = 10.0.40219.1
Project("{9A19103F-16F7-4668-BE54-9A1E7A4F7556}") = "TeraBankTask.API", "TeraBankTask.API\TeraBankTask.API.csproj", "{B2576512-9207-45BB-B211-5EFB8E153BD8}"
EndProject
Project("{2150E333-8FDC-42A3-9474-1A3956D46DE8}") = "Core", "Core", "{A7B3A763-2E99-4737-A5F0-684F5963AF06}"
EndProject
Project("{2150E333-8FDC-42A3-9474-1A3956D46DE8}") = "Infrastructure", "Infrastructure", "{AA74D958-8609-4314-A9DB-9ED26193C291}"
EndProject
Project("{2150E333-8FDC-42A3-9474-1A3956D46DE8}") = "Presentation", "Presentation", "{9FAB2C9A-26AA-40AB-8934-424B93E79F9C}"
EndProject
Project("{9A19103F-16F7-4668-BE54-9A1E7A4F7556}") = "TeraBankTask.Aplication", "TeraBankTask.Aplication\TeraBankTask.Aplication.csproj", "{5337C4E1-A929-438C-A9F7-58B9DA230CB0}"
EndProject
Project("{9A19103F-16F7-4668-BE54-9A1E7A4F7556}") = "TeraBankTask.Common", "TeraBankTask.Common\TeraBankTask.Common.csproj", "{A70CC576-A181-4560-B463-F2AA39BA601C}"
EndProject
Project("{9A19103F-16F7-4668-BE54-9A1E7A4F7556}") = "TeraBankTask.Domain", "TeraBankTask.Domain\TeraBankTask.Domain.csproj", "{71694EDF-2230-4E94-859B-35F20A78EBE6}"
EndProject
Project("{9A19103F-16F7-4668-BE54-9A1E7A4F7556}") = "TeraBankTask.Infrastructure", "TeraBankTask.Infrastructure\TeraBankTask.Infrastructure.csproj", "{09AADCC4-8C55-40F6-BF3A-D0A3A8FD98D7}"
EndProject
Project("{9A19103F-16F7-4668-BE54-9A1E7A4F7556}") = "TeraBankTask.Persistence", "TeraBankTask.Persistence\TeraBankTask.Persistence.csproj", "{0DEB0889-4927-4D02-A514-16699EDF9949}"
EndProject
Global
	GlobalSection(SolutionConfigurationPlatforms) = preSolution
		Debug|Any CPU = Debug|Any CPU
		Release|Any CPU = Release|Any CPU
	EndGlobalSection
	GlobalSection(ProjectConfigurationPlatforms) = postSolution
		{B2576512-9207-45BB-B211-5EFB8E153BD8}.Debug|Any CPU.ActiveCfg = Debug|Any CPU
		{B2576512-9207-45BB-B211-5EFB8E153BD8}.Debug|Any CPU.Build.0 = Debug|Any CPU
		{B2576512-9207-45BB-B211-5EFB8E153BD8}.Release|Any CPU.ActiveCfg = Release|Any CPU
		{B2576512-9207-45BB-B211-5EFB8E153BD8}.Release|Any CPU.Build.0 = Release|Any CPU
		{5337C4E1-A929-438C-A9F7-58B9DA230CB0}.Debug|Any CPU.ActiveCfg = Debug|Any CPU
		{5337C4E1-A929-438C-A9F7-58B9DA230CB0}.Debug|Any CPU.Build.0 = Debug|Any CPU
		{5337C4E1-A929-438C-A9F7-58B9DA230CB0}.Release|Any CPU.ActiveCfg = Release|Any CPU
		{5337C4E1-A929-438C-A9F7-58B9DA230CB0}.Release|Any CPU.Build.0 = Release|Any CPU
		{A70CC576-A181-4560-B463-F2AA39BA601C}.Debug|Any CPU.ActiveCfg = Debug|Any CPU
		{A70CC576-A181-4560-B463-F2AA39BA601C}.Debug|Any CPU.Build.0 = Debug|Any CPU
		{A70CC576-A181-4560-B463-F2AA39BA601C}.Release|Any CPU.ActiveCfg = Release|Any CPU
		{A70CC576-A181-4560-B463-F2AA39BA601C}.Release|Any CPU.Build.0 = Release|Any CPU
		{71694EDF-2230-4E94-859B-35F20A78EBE6}.Debug|Any CPU.ActiveCfg = Debug|Any CPU
		{71694EDF-2230-4E94-859B-35F20A78EBE6}.Debug|Any CPU.Build.0 = Debug|Any CPU
		{71694EDF-2230-4E94-859B-35F20A78EBE6}.Release|Any CPU.ActiveCfg = Release|Any CPU
		{71694EDF-2230-4E94-859B-35F20A78EBE6}.Release|Any CPU.Build.0 = Release|Any CPU
		{09AADCC4-8C55-40F6-BF3A-D0A3A8FD98D7}.Debug|Any CPU.ActiveCfg = Debug|Any CPU
		{09AADCC4-8C55-40F6-BF3A-D0A3A8FD98D7}.Debug|Any CPU.Build.0 = Debug|Any CPU
		{09AADCC4-8C55-40F6-BF3A-D0A3A8FD98D7}.Release|Any CPU.ActiveCfg = Release|Any CPU
		{09AADCC4-8C55-40F6-BF3A-D0A3A8FD98D7}.Release|Any CPU.Build.0 = Release|Any CPU
		{0DEB0889-4927-4D02-A514-16699EDF9949}.Debug|Any CPU.ActiveCfg = Debug|Any CPU
		{0DEB0889-4927-4D02-A514-16699EDF9949}.Debug|Any CPU.Build.0 = Debug|Any CPU
		{0DEB0889-4927-4D02-A514-16699EDF9949}.Release|Any CPU.ActiveCfg = Release|Any CPU
		{0DEB0889-4927-4D02-A514-16699EDF9949}.Release|Any CPU.Build.0 = Release|Any CPU
	EndGlobalSection
	GlobalSection(SolutionProperties) = preSolution
		HideSolutionNode = FALSE
	EndGlobalSection
	GlobalSection(NestedProjects) = preSolution
		{B2576512-9207-45BB-B211-5EFB8E153BD8} = {9FAB2C9A-26AA-40AB-8934-424B93E79F9C}
		{5337C4E1-A929-438C-A9F7-58B9DA230CB0} = {A7B3A763-2E99-4737-A5F0-684F5963AF06}
		{A70CC576-A181-4560-B463-F2AA39BA601C} = {A7B3A763-2E99-4737-A5F0-684F5963AF06}
		{71694EDF-2230-4E94-859B-35F20A78EBE6} = {A7B3A763-2E99-4737-A5F0-684F5963AF06}
		{09AADCC4-8C55-40F6-BF3A-D0A3A8FD98D7} = {AA74D958-8609-4314-A9DB-9ED26193C291}
		{0DEB0889-4927-4D02-A514-16699EDF9949} = {AA74D958-8609-4314-A9DB-9ED26193C291}
	EndGlobalSection
	GlobalSection(ExtensibilityGlobals) = postSolution
		SolutionGuid = {6645E650-232D-4CEA-9DA0-2E2171084D21}
	EndGlobalSection
EndGlobal
